// !$*UTF8*$!
{
	archiveVersion = 1;
	classes = {
	};
	objectVersion = 46;
	objects = {

/* Begin PBXBuildFile section */
		806A33D41CDB481C00F48C9A /* main.m in Sources */ = {isa = PBXBuildFile; fileRef = 806A33D31CDB481C00F48C9A /* main.m */; };
		806A33D71CDB481C00F48C9A /* AppDelegate.m in Sources */ = {isa = PBXBuildFile; fileRef = 806A33D61CDB481C00F48C9A /* AppDelegate.m */; };
		806A33DA1CDB481C00F48C9A /* ViewController.m in Sources */ = {isa = PBXBuildFile; fileRef = 806A33D91CDB481C00F48C9A /* ViewController.m */; };
		806A33DD1CDB481C00F48C9A /* Main.storyboard in Resources */ = {isa = PBXBuildFile; fileRef = 806A33DB1CDB481C00F48C9A /* Main.storyboard */; };
		806A33DF1CDB481C00F48C9A /* Assets.xcassets in Resources */ = {isa = PBXBuildFile; fileRef = 806A33DE1CDB481C00F48C9A /* Assets.xcassets */; };
		806A33E21CDB481C00F48C9A /* LaunchScreen.storyboard in Resources */ = {isa = PBXBuildFile; fileRef = 806A33E01CDB481C00F48C9A /* LaunchScreen.storyboard */; };
		806A33ED1CDB481C00F48C9A /* runtimeTests.m in Sources */ = {isa = PBXBuildFile; fileRef = 806A33EC1CDB481C00F48C9A /* runtimeTests.m */; };
		806A33F81CDB481C00F48C9A /* runtimeUITests.m in Sources */ = {isa = PBXBuildFile; fileRef = 806A33F71CDB481C00F48C9A /* runtimeUITests.m */; };
		806A34101CE073BA00F48C9A /* Person+associative.m in Sources */ = {isa = PBXBuildFile; fileRef = 806A340D1CE073BA00F48C9A /* Person+associative.m */; };
		806A34111CE073BA00F48C9A /* Person.m in Sources */ = {isa = PBXBuildFile; fileRef = 806A340F1CE073BA00F48C9A /* Person.m */; };
		806A34171CE0763800F48C9A /* Experience.m in Sources */ = {isa = PBXBuildFile; fileRef = 806A34161CE0763800F48C9A /* Experience.m */; };
		806A34431CE9B2AA00F48C9A /* son.m in Sources */ = {isa = PBXBuildFile; fileRef = 806A34421CE9B2A900F48C9A /* son.m */; };
/* End PBXBuildFile section */

/* Begin PBXContainerItemProxy section */
		806A33E91CDB481C00F48C9A /* PBXContainerItemProxy */ = {
			isa = PBXContainerItemProxy;
			containerPortal = 806A33C71CDB481C00F48C9A /* Project object */;
			proxyType = 1;
			remoteGlobalIDString = 806A33CE1CDB481C00F48C9A;
			remoteInfo = runtime;
		};
		806A33F41CDB481C00F48C9A /* PBXContainerItemProxy */ = {
			isa = PBXContainerItemProxy;
			containerPortal = 806A33C71CDB481C00F48C9A /* Project object */;
			proxyType = 1;
			remoteGlobalIDString = 806A33CE1CDB481C00F48C9A;
			remoteInfo = runtime;
		};
/* End PBXContainerItemProxy section */

/* Begin PBXFileReference section */
		806A33CF1CDB481C00F48C9A /* runtime.app */ = {isa = PBXFileReference; explicitFileType = wrapper.application; includeInIndex = 0; path = runtime.app; sourceTree = BUILT_PRODUCTS_DIR; };
		806A33D31CDB481C00F48C9A /* main.m */ = {isa = PBXFileReference; lastKnownFileType = sourcecode.c.objc; path = main.m; sourceTree = "<group>"; };
		806A33D51CDB481C00F48C9A /* AppDelegate.h */ = {isa = PBXFileReference; lastKnownFileType = sourcecode.c.h; path = AppDelegate.h; sourceTree = "<group>"; };
		806A33D61CDB481C00F48C9A /* AppDelegate.m */ = {isa = PBXFileReference; lastKnownFileType = sourcecode.c.objc; path = AppDelegate.m; sourceTree = "<group>"; };
		806A33D81CDB481C00F48C9A /* ViewController.h */ = {isa = PBXFileReference; lastKnownFileType = sourcecode.c.h; path = ViewController.h; sourceTree = "<group>"; };
		806A33D91CDB481C00F48C9A /* ViewController.m */ = {isa = PBXFileReference; lastKnownFileType = sourcecode.c.objc; path = ViewController.m; sourceTree = "<group>"; };
		806A33DC1CDB481C00F48C9A /* Base */ = {isa = PBXFileReference; lastKnownFileType = file.storyboard; name = Base; path = Base.lproj/Main.storyboard; sourceTree = "<group>"; };
		806A33DE1CDB481C00F48C9A /* Assets.xcassets */ = {isa = PBXFileReference; lastKnownFileType = folder.assetcatalog; path = Assets.xcassets; sourceTree = "<group>"; };
		806A33E11CDB481C00F48C9A /* Base */ = {isa = PBXFileReference; lastKnownFileType = file.storyboard; name = Base; path = Base.lproj/LaunchScreen.storyboard; sourceTree = "<group>"; };
		806A33E31CDB481C00F48C9A /* Info.plist */ = {isa = PBXFileReference; lastKnownFileType = text.plist.xml; path = Info.plist; sourceTree = "<group>"; };
		806A33E81CDB481C00F48C9A /* runtimeTests.xctest */ = {isa = PBXFileReference; explicitFileType = wrapper.cfbundle; includeInIndex = 0; path = runtimeTests.xctest; sourceTree = BUILT_PRODUCTS_DIR; };
		806A33EC1CDB481C00F48C9A /* runtimeTests.m */ = {isa = PBXFileReference; lastKnownFileType = sourcecode.c.objc; path = runtimeTests.m; sourceTree = "<group>"; };
		806A33EE1CDB481C00F48C9A /* Info.plist */ = {isa = PBXFileReference; lastKnownFileType = text.plist.xml; path = Info.plist; sourceTree = "<group>"; };
		806A33F31CDB481C00F48C9A /* runtimeUITests.xctest */ = {isa = PBXFileReference; explicitFileType = wrapper.cfbundle; includeInIndex = 0; path = runtimeUITests.xctest; sourceTree = BUILT_PRODUCTS_DIR; };
		806A33F71CDB481C00F48C9A /* runtimeUITests.m */ = {isa = PBXFileReference; lastKnownFileType = sourcecode.c.objc; path = runtimeUITests.m; sourceTree = "<group>"; };
		806A33F91CDB481C00F48C9A /* Info.plist */ = {isa = PBXFileReference; lastKnownFileType = text.plist.xml; path = Info.plist; sourceTree = "<group>"; };
		806A340C1CE073BA00F48C9A /* Person+associative.h */ = {isa = PBXFileReference; fileEncoding = 4; lastKnownFileType = sourcecode.c.h; path = "Person+associative.h"; sourceTree = "<group>"; };
		806A340D1CE073BA00F48C9A /* Person+associative.m */ = {isa = PBXFileReference; fileEncoding = 4; lastKnownFileType = sourcecode.c.objc; path = "Person+associative.m"; sourceTree = "<group>"; };
		806A340E1CE073BA00F48C9A /* Person.h */ = {isa = PBXFileReference; fileEncoding = 4; lastKnownFileType = sourcecode.c.h; path = Person.h; sourceTree = "<group>"; };
		806A340F1CE073BA00F48C9A /* Person.m */ = {isa = PBXFileReference; fileEncoding = 4; lastKnownFileType = sourcecode.c.objc; path = Person.m; sourceTree = "<group>"; };
		806A34151CE0763800F48C9A /* Experience.h */ = {isa = PBXFileReference; fileEncoding = 4; lastKnownFileType = sourcecode.c.h; path = Experience.h; sourceTree = "<group>"; };
		806A34161CE0763800F48C9A /* Experience.m */ = {isa = PBXFileReference; fileEncoding = 4; lastKnownFileType = sourcecode.c.objc; path = Experience.m; sourceTree = "<group>"; };
		806A34411CE9B2A900F48C9A /* son.h */ = {isa = PBXFileReference; fileEncoding = 4; lastKnownFileType = sourcecode.c.h; path = son.h; sourceTree = "<group>"; };
		806A34421CE9B2A900F48C9A /* son.m */ = {isa = PBXFileReference; fileEncoding = 4; lastKnownFileType = sourcecode.c.objc; path = son.m; sourceTree = "<group>"; };
/* End PBXFileReference section */

/* Begin PBXFrameworksBuildPhase section */
		806A33CC1CDB481C00F48C9A /* Frameworks */ = {
			isa = PBXFrameworksBuildPhase;
			buildActionMask = 2147483647;
			files = (
			);
			runOnlyForDeploymentPostprocessing = 0;
		};
		806A33E51CDB481C00F48C9A /* Frameworks */ = {
			isa = PBXFrameworksBuildPhase;
			buildActionMask = 2147483647;
			files = (
			);
			runOnlyForDeploymentPostprocessing = 0;
		};
		806A33F01CDB481C00F48C9A /* Frameworks */ = {
			isa = PBXFrameworksBuildPhase;
			buildActionMask = 2147483647;
			files = (
			);
			runOnlyForDeploymentPostprocessing = 0;
		};
/* End PBXFrameworksBuildPhase section */

/* Begin PBXGroup section */
		806A33C61CDB481C00F48C9A = {
			isa = PBXGroup;
			children = (
				806A33D11CDB481C00F48C9A /* runtime */,
				806A33EB1CDB481C00F48C9A /* runtimeTests */,
				806A33F61CDB481C00F48C9A /* runtimeUITests */,
				806A33D01CDB481C00F48C9A /* Products */,
			);
			sourceTree = "<group>";
		};
		806A33D01CDB481C00F48C9A /* Products */ = {
			isa = PBXGroup;
			children = (
				806A33CF1CDB481C00F48C9A /* runtime.app */,
				806A33E81CDB481C00F48C9A /* runtimeTests.xctest */,
				806A33F31CDB481C00F48C9A /* runtimeUITests.xctest */,
			);
			name = Products;
			sourceTree = "<group>";
		};
		806A33D11CDB481C00F48C9A /* runtime */ = {
			isa = PBXGroup;
			children = (
				806A340B1CE073BA00F48C9A /* RuntimeExperience */,
				806A33D51CDB481C00F48C9A /* AppDelegate.h */,
				806A33D61CDB481C00F48C9A /* AppDelegate.m */,
				806A33D81CDB481C00F48C9A /* ViewController.h */,
				806A33D91CDB481C00F48C9A /* ViewController.m */,
				806A33DB1CDB481C00F48C9A /* Main.storyboard */,
				806A33DE1CDB481C00F48C9A /* Assets.xcassets */,
				806A33E01CDB481C00F48C9A /* LaunchScreen.storyboard */,
				806A33E31CDB481C00F48C9A /* Info.plist */,
				806A33D21CDB481C00F48C9A /* Supporting Files */,
			);
			path = runtime;
			sourceTree = "<group>";
		};
		806A33D21CDB481C00F48C9A /* Supporting Files */ = {
			isa = PBXGroup;
			children = (
				806A33D31CDB481C00F48C9A /* main.m */,
			);
			name = "Supporting Files";
			sourceTree = "<group>";
		};
		806A33EB1CDB481C00F48C9A /* runtimeTests */ = {
			isa = PBXGroup;
			children = (
				806A33EC1CDB481C00F48C9A /* runtimeTests.m */,
				806A33EE1CDB481C00F48C9A /* Info.plist */,
			);
			path = runtimeTests;
			sourceTree = "<group>";
		};
		806A33F61CDB481C00F48C9A /* runtimeUITests */ = {
			isa = PBXGroup;
			children = (
				806A33F71CDB481C00F48C9A /* runtimeUITests.m */,
				806A33F91CDB481C00F48C9A /* Info.plist */,
			);
			path = runtimeUITests;
			sourceTree = "<group>";
		};
		806A340B1CE073BA00F48C9A /* RuntimeExperience */ = {
			isa = PBXGroup;
			children = (
				806A340C1CE073BA00F48C9A /* Person+associative.h */,
				806A340D1CE073BA00F48C9A /* Person+associative.m */,
				806A340E1CE073BA00F48C9A /* Person.h */,
				806A340F1CE073BA00F48C9A /* Person.m */,
				806A34411CE9B2A900F48C9A /* son.h */,
				806A34421CE9B2A900F48C9A /* son.m */,
				806A34151CE0763800F48C9A /* Experience.h */,
				806A34161CE0763800F48C9A /* Experience.m */,
			);
			path = RuntimeExperience;
			sourceTree = "<group>";
		};
/* End PBXGroup section */

/* Begin PBXNativeTarget section */
		806A33CE1CDB481C00F48C9A /* runtime */ = {
			isa = PBXNativeTarget;
			buildConfigurationList = 806A33FC1CDB481C00F48C9A /* Build configuration list for PBXNativeTarget "runtime" */;
			buildPhases = (
				806A33CB1CDB481C00F48C9A /* Sources */,
				806A33CC1CDB481C00F48C9A /* Frameworks */,
				806A33CD1CDB481C00F48C9A /* Resources */,
			);
			buildRules = (
			);
			dependencies = (
			);
			name = runtime;
			productName = runtime;
			productReference = 806A33CF1CDB481C00F48C9A /* runtime.app */;
			productType = "com.apple.product-type.application";
		};
		806A33E71CDB481C00F48C9A /* runtimeTests */ = {
			isa = PBXNativeTarget;
			buildConfigurationList = 806A33FF1CDB481C00F48C9A /* Build configuration list for PBXNativeTarget "runtimeTests" */;
			buildPhases = (
				806A33E41CDB481C00F48C9A /* Sources */,
				806A33E51CDB481C00F48C9A /* Frameworks */,
				806A33E61CDB481C00F48C9A /* Resources */,
			);
			buildRules = (
			);
			dependencies = (
				806A33EA1CDB481C00F48C9A /* PBXTargetDependency */,
			);
			name = runtimeTests;
			productName = runtimeTests;
			productReference = 806A33E81CDB481C00F48C9A /* runtimeTests.xctest */;
			productType = "com.apple.product-type.bundle.unit-test";
		};
		806A33F21CDB481C00F48C9A /* runtimeUITests */ = {
			isa = PBXNativeTarget;
			buildConfigurationList = 806A34021CDB481C00F48C9A /* Build configuration list for PBXNativeTarget "runtimeUITests" */;
			buildPhases = (
				806A33EF1CDB481C00F48C9A /* Sources */,
				806A33F01CDB481C00F48C9A /* Frameworks */,
				806A33F11CDB481C00F48C9A /* Resources */,
			);
			buildRules = (
			);
			dependencies = (
				806A33F51CDB481C00F48C9A /* PBXTargetDependency */,
			);
			name = runtimeUITests;
			productName = runtimeUITests;
			productReference = 806A33F31CDB481C00F48C9A /* runtimeUITests.xctest */;
			productType = "com.apple.product-type.bundle.ui-testing";
		};
/* End PBXNativeTarget section */

/* Begin PBXProject section */
		806A33C71CDB481C00F48C9A /* Project object */ = {
			isa = PBXProject;
			attributes = {
				LastUpgradeCheck = 0730;
				ORGANIZATIONNAME = BM;
				TargetAttributes = {
					806A33CE1CDB481C00F48C9A = {
						CreatedOnToolsVersion = 7.3;
					};
					806A33E71CDB481C00F48C9A = {
						CreatedOnToolsVersion = 7.3;
						TestTargetID = 806A33CE1CDB481C00F48C9A;
					};
					806A33F21CDB481C00F48C9A = {
						CreatedOnToolsVersion = 7.3;
						TestTargetID = 806A33CE1CDB481C00F48C9A;
					};
				};
			};
			buildConfigurationList = 806A33CA1CDB481C00F48C9A /* Build configuration list for PBXProject "runtime" */;
			compatibilityVersion = "Xcode 3.2";
			developmentRegion = English;
			hasScannedForEncodings = 0;
			knownRegions = (
				en,
				Base,
			);
			mainGroup = 806A33C61CDB481C00F48C9A;
			productRefGroup = 806A33D01CDB481C00F48C9A /* Products */;
			projectDirPath = "";
			projectRoot = "";
			targets = (
				806A33CE1CDB481C00F48C9A /* runtime */,
				806A33E71CDB481C00F48C9A /* runtimeTests */,
				806A33F21CDB481C00F48C9A /* runtimeUITests */,
			);
		};
/* End PBXProject section */

/* Begin PBXResourcesBuildPhase section */
		806A33CD1CDB481C00F48C9A /* Resources */ = {
			isa = PBXResourcesBuildPhase;
			buildActionMask = 2147483647;
			files = (
				806A33E21CDB481C00F48C9A /* LaunchScreen.storyboard in Resources */,
				806A33DF1CDB481C00F48C9A /* Assets.xcassets in Resources */,
				806A33DD1CDB481C00F48C9A /* Main.storyboard in Resources */,
			);
			runOnlyForDeploymentPostprocessing = 0;
		};
		806A33E61CDB481C00F48C9A /* Resources */ = {
			isa = PBXResourcesBuildPhase;
			buildActionMask = 2147483647;
			files = (
			);
			runOnlyForDeploymentPostprocessing = 0;
		};
		806A33F11CDB481C00F48C9A /* Resources */ = {
			isa = PBXResourcesBuildPhase;
			buildActionMask = 2147483647;
			files = (
			);
			runOnlyForDeploymentPostprocessing = 0;
		};
/* End PBXResourcesBuildPhase section */

/* Begin PBXSourcesBuildPhase section */
		806A33CB1CDB481C00F48C9A /* Sources */ = {
			isa = PBXSourcesBuildPhase;
			buildActionMask = 2147483647;
			files = (
				806A33DA1CDB481C00F48C9A /* ViewController.m in Sources */,
				806A33D71CDB481C00F48C9A /* AppDelegate.m in Sources */,
				806A34111CE073BA00F48C9A /* Person.m in Sources */,
				806A34101CE073BA00F48C9A /* Person+associative.m in Sources */,
				806A34171CE0763800F48C9A /* Experience.m in Sources */,
				806A34431CE9B2AA00F48C9A /* son.m in Sources */,
				806A33D41CDB481C00F48C9A /* main.m in Sources */,
			);
			runOnlyForDeploymentPostprocessing = 0;
		};
		806A33E41CDB481C00F48C9A /* Sources */ = {
			isa = PBXSourcesBuildPhase;
			buildActionMask = 2147483647;
			files = (
				806A33ED1CDB481C00F48C9A /* runtimeTests.m in Sources */,
			);
			runOnlyForDeploymentPostprocessing = 0;
		};
		806A33EF1CDB481C00F48C9A /* Sources */ = {
			isa = PBXSourcesBuildPhase;
			buildActionMask = 2147483647;
			files = (
				806A33F81CDB481C00F48C9A /* runtimeUITests.m in Sources */,
			);
			runOnlyForDeploymentPostprocessing = 0;
		};
/* End PBXSourcesBuildPhase section */

/* Begin PBXTargetDependency section */
		806A33EA1CDB481C00F48C9A /* PBXTargetDependency */ = {
			isa = PBXTargetDependency;
			target = 806A33CE1CDB481C00F48C9A /* runtime */;
			targetProxy = 806A33E91CDB481C00F48C9A /* PBXContainerItemProxy */;
		};
		806A33F51CDB481C00F48C9A /* PBXTargetDependency */ = {
			isa = PBXTargetDependency;
			target = 806A33CE1CDB481C00F48C9A /* runtime */;
			targetProxy = 806A33F41CDB481C00F48C9A /* PBXContainerItemProxy */;
		};
/* End PBXTargetDependency section */

/* Begin PBXVariantGroup section */
		806A33DB1CDB481C00F48C9A /* Main.storyboard */ = {
			isa = PBXVariantGroup;
			children = (
				806A33DC1CDB481C00F48C9A /* Base */,
			);
			name = Main.storyboard;
			sourceTree = "<group>";
		};
		806A33E01CDB481C00F48C9A /* LaunchScreen.storyboard */ = {
			isa = PBXVariantGroup;
			children = (
				806A33E11CDB481C00F48C9A /* Base */,
			);
			name = LaunchScreen.storyboard;
			sourceTree = "<group>";
		};
/* End PBXVariantGroup section */

/* Begin XCBuildConfiguration section */
		806A33FA1CDB481C00F48C9A /* Debug */ = {
			isa = XCBuildConfiguration;
			buildSettings = {
				ALWAYS_SEARCH_USER_PATHS = NO;
				CLANG_ANALYZER_NONNULL = YES;
				CLANG_CXX_LANGUAGE_STANDARD = "gnu++0x";
				CLANG_CXX_LIBRARY = "libc++";
				CLANG_ENABLE_MODULES = YES;
				CLANG_ENABLE_OBJC_ARC = YES;
				CLANG_WARN_BOOL_CONVERSION = YES;
				CLANG_WARN_CONSTANT_CONVERSION = YES;
				CLANG_WARN_DIRECT_OBJC_ISA_USAGE = YES_ERROR;
				CLANG_WARN_EMPTY_BODY = YES;
				CLANG_WARN_ENUM_CONVERSION = YES;
				CLANG_WARN_INT_CONVERSION = YES;
				CLANG_WARN_OBJC_ROOT_CLASS = YES_ERROR;
				CLANG_WARN_UNREACHABLE_CODE = YES;
				CLANG_WARN__DUPLICATE_METHOD_MATCH = YES;
				"CODE_SIGN_IDENTITY[sdk=iphoneos*]" = "iPhone Developer";
				COPY_PHASE_STRIP = NO;
				DEBUG_INFORMATION_FORMAT = dwarf;
				ENABLE_STRICT_OBJC_MSGSEND = YES;
				ENABLE_TESTABILITY = YES;
				GCC_C_LANGUAGE_STANDARD = gnu99;
				GCC_DYNAMIC_NO_PIC = NO;
				GCC_NO_COMMON_BLOCKS = YES;
				GCC_OPTIMIZATION_LEVEL = 0;
				GCC_PREPROCESSOR_DEFINITIONS = (
					"DEBUG=1",
					"$(inherited)",
				);
				GCC_WARN_64_TO_32_BIT_CONVERSION = YES;
				GCC_WARN_ABOUT_RETURN_TYPE = YES_ERROR;
				GCC_WARN_UNDECLARED_SELECTOR = YES;
				GCC_WARN_UNINITIALIZED_AUTOS = YES_AGGRESSIVE;
				GCC_WARN_UNUSED_FUNCTION = YES;
				GCC_WARN_UNUSED_VARIABLE = YES;
				IPHONEOS_DEPLOYMENT_TARGET = 9.3;
				MTL_ENABLE_DEBUG_INFO = YES;
				ONLY_ACTIVE_ARCH = YES;
				SDKROOT = iphoneos;
			};
			name = Debug;
		};
		806A33FB1CDB481C00F48C9A /* Release */ = {
			isa = XCBuildConfiguration;
			buildSettings = {
				ALWAYS_SEARCH_USER_PATHS = NO;
				CLANG_ANALYZER_NONNULL = YES;
				CLANG_CXX_LANGUAGE_STANDARD = "gnu++0x";
				CLANG_CXX_LIBRARY = "libc++";
				CLANG_ENABLE_MODULES = YES;
				CLANG_ENABLE_OBJC_ARC = YES;
				CLANG_WARN_BOOL_CONVERSION = YES;
				CLANG_WARN_CONSTANT_CONVERSION = YES;
				CLANG_WARN_DIRECT_OBJC_ISA_USAGE = YES_ERROR;
				CLANG_WARN_EMPTY_BODY = YES;
				CLANG_WARN_ENUM_CONVERSION = YES;
				CLANG_WARN_INT_CONVERSION = YES;
				CLANG_WARN_OBJC_ROOT_CLASS = YES_ERROR;
				CLANG_WARN_UNREACHABLE_CODE = YES;
				CLANG_WARN__DUPLICATE_METHOD_MATCH = YES;
				"CODE_SIGN_IDENTITY[sdk=iphoneos*]" = "iPhone Developer";
				COPY_PHASE_STRIP = NO;
				DEBUG_INFORMATION_FORMAT = "dwarf-with-dsym";
				ENABLE_NS_ASSERTIONS = NO;
				ENABLE_STRICT_OBJC_MSGSEND = YES;
				GCC_C_LANGUAGE_STANDARD = gnu99;
				GCC_NO_COMMON_BLOCKS = YES;
				GCC_WARN_64_TO_32_BIT_CONVERSION = YES;
				GCC_WARN_ABOUT_RETURN_TYPE = YES_ERROR;
				GCC_WARN_UNDECLARED_SELECTOR = YES;
				GCC_WARN_UNINITIALIZED_AUTOS = YES_AGGRESSIVE;
				GCC_WARN_UNUSED_FUNCTION = YES;
				GCC_WARN_UNUSED_VARIABLE = YES;
				IPHONEOS_DEPLOYMENT_TARGET = 9.3;
				MTL_ENABLE_DEBUG_INFO = NO;
				SDKROOT = iphoneos;
				VALIDATE_PRODUCT = YES;
			};
			name = Release;
		};
		806A33FD1CDB481C00F48C9A /* Debug */ = {
			isa = XCBuildConfiguration;
			buildSettings = {
				ASSETCATALOG_COMPILER_APPICON_NAME = AppIcon;
				ENABLE_STRICT_OBJC_MSGSEND = NO;
				INFOPLIST_FILE = runtime/Info.plist;
				LD_RUNPATH_SEARCH_PATHS = "$(inherited) @executable_path/Frameworks";
				PRODUCT_BUNDLE_IDENTIFIER = birdmichael.runtime;
				PRODUCT_NAME = "$(TARGET_NAME)";
			};
			name = Debug;
		};
		806A33FE1CDB481C00F48C9A /* Release */ = {
			isa = XCBuildConfiguration;
			buildSettings = {
				ASSETCATALOG_COMPILER_APPICON_NAME = AppIcon;
				ENABLE_STRICT_OBJC_MSGSEND = NO;
				INFOPLIST_FILE = runtime/Info.plist;
				LD_RUNPATH_SEARCH_PATHS = "$(inherited) @executable_path/Frameworks";
				PRODUCT_BUNDLE_IDENTIFIER = birdmichael.runtime;
				PRODUCT_NAME = "$(TARGET_NAME)";
			};
			name = Release;
		};
		806A34001CDB481C00F48C9A /* Debug */ = {
			isa = XCBuildConfiguration;
			buildSettings = {
				BUNDLE_LOADER = "$(TEST_HOST)";
				INFOPLIST_FILE = runtimeTests/Info.plist;
				LD_RUNPATH_SEARCH_PATHS = "$(inherited) @executable_path/Frameworks @loader_path/Frameworks";
				PRODUCT_BUNDLE_IDENTIFIER = birdmichael.runtimeTests;
				PRODUCT_NAME = "$(TARGET_NAME)";
				TEST_HOST = "$(BUILT_PRODUCTS_DIR)/runtime.app/runtime";
			};
			name = Debug;
		};
		806A34011CDB481C00F48C9A /* Release */ = {
			isa = XCBuildConfiguration;
			buildSettings = {
				BUNDLE_LOADER = "$(TEST_HOST)";
				INFOPLIST_FILE = runtimeTests/Info.plist;
				LD_RUNPATH_SEARCH_PATHS = "$(inherited) @executable_path/Frameworks @loader_path/Frameworks";
				PRODUCT_BUNDLE_IDENTIFIER = birdmichael.runtimeTests;
				PRODUCT_NAME = "$(TARGET_NAME)";
				TEST_HOST = "$(BUILT_PRODUCTS_DIR)/runtime.app/runtime";
			};
			name = Release;
		};
		806A34031CDB481C00F48C9A /* Debug */ = {
			isa = XCBuildConfiguration;
			buildSettings = {
				INFOPLIST_FILE = runtimeUITests/Info.plist;
				LD_RUNPATH_SEARCH_PATHS = "$(inherited) @executable_path/Frameworks @loader_path/Frameworks";
				PRODUCT_BUNDLE_IDENTIFIER = birdmichael.runtimeUITests;
				PRODUCT_NAME = "$(TARGET_NAME)";
				TEST_TARGET_NAME = runtime;
			};
			name = Debug;
		};
		806A34041CDB481C00F48C9A /* Release */ = {
			isa = XCBuildConfiguration;
			buildSettings = {
				INFOPLIST_FILE = runtimeUITests/Info.plist;
				LD_RUNPATH_SEARCH_PATHS = "$(inherited) @executable_path/Frameworks @loader_path/Frameworks";
				PRODUCT_BUNDLE_IDENTIFIER = birdmichael.runtimeUITests;
				PRODUCT_NAME = "$(TARGET_NAME)";
				TEST_TARGET_NAME = runtime;
			};
			name = Release;
		};
/* End XCBuildConfiguration section */

/* Begin XCConfigurationList section */
		806A33CA1CDB481C00F48C9A /* Build configuration list for PBXProject "runtime" */ = {
			isa = XCConfigurationList;
			buildConfigurations = (
				806A33FA1CDB481C00F48C9A /* Debug */,
				806A33FB1CDB481C00F48C9A /* Release */,
			);
			defaultConfigurationIsVisible = 0;
			defaultConfigurationName = Release;
		};
		806A33FC1CDB481C00F48C9A /* Build configuration list for PBXNativeTarget "runtime" */ = {
			isa = XCConfigurationList;
			buildConfigurations = (
				806A33FD1CDB481C00F48C9A /* Debug */,
				806A33FE1CDB481C00F48C9A /* Release */,
			);
			defaultConfigurationIsVisible = 0;
		};
		806A33FF1CDB481C00F48C9A /* Build configuration list for PBXNativeTarget "runtimeTests" */ = {
			isa = XCConfigurationList;
			buildConfigurations = (
				806A34001CDB481C00F48C9A /* Debug */,
				806A34011CDB481C00F48C9A /* Release */,
			);
			defaultConfigurationIsVisible = 0;
		};
		806A34021CDB481C00F48C9A /* Build configuration list for PBXNativeTarget "runtimeUITests" */ = {
			isa = XCConfigurationList;
			buildConfigurations = (
				806A34031CDB481C00F48C9A /* Debug */,
				806A34041CDB481C00F48C9A /* Release */,
			);
			defaultConfigurationIsVisible = 0;
		};
/* End XCConfigurationList section */
	};
	rootObject = 806A33C71CDB481C00F48C9A /* Project object */;
}
